
Microsoft Visual Studio Solution File, Format Version 12.00
# Visual Studio Version 17
VisualStudioVersion = 17.11.35222.181
MinimumVisualStudioVersion = 10.0.40219.1
Project("{9A19103F-16F7-4668-BE54-9A1E7A4F7556}") = "AcervoFilmesAPI", "AcervoFilmesAPI\AcervoFilmesAPI.csproj", "{75AA9363-F11D-4257-88F0-5F8AA7951204}"
EndProject
Global
	GlobalSection(SolutionConfigurationPlatforms) = preSolution
		Debug|Any CPU = Debug|Any CPU
		Release|Any CPU = Release|Any CPU
	EndGlobalSection
	GlobalSection(ProjectConfigurationPlatforms) = postSolution
		{75AA9363-F11D-4257-88F0-5F8AA7951204}.Debug|Any CPU.ActiveCfg = Debug|Any CPU
		{75AA9363-F11D-4257-88F0-5F8AA7951204}.Debug|Any CPU.Build.0 = Debug|Any CPU
		{75AA9363-F11D-4257-88F0-5F8AA7951204}.Release|Any CPU.ActiveCfg = Release|Any CPU
		{75AA9363-F11D-4257-88F0-5F8AA7951204}.Release|Any CPU.Build.0 = Release|Any CPU
	EndGlobalSection
	GlobalSection(SolutionProperties) = preSolution
		HideSolutionNode = FALSE
	EndGlobalSection
	GlobalSection(ExtensibilityGlobals) = postSolution
		SolutionGuid = {CF3F9136-854B-4CE4-BED7-39A34AB521A2}
	EndGlobalSection
EndGlobal
